
Microsoft Visual Studio Solution File, Format Version 12.00
# Visual Studio Version 17
VisualStudioVersion = 17.5.33516.290
MinimumVisualStudioVersion = 10.0.40219.1
Project("{FAE04EC0-301F-11D3-BF4B-00C04F79EFBC}") = "DiegoManuel_Prototype_SegundoPatron", "DiegoManuel_Prototype_SegundoPatron.csproj", "{088E4A55-D839-4724-BE06-7BAB67C26363}"
EndProject
Global
	GlobalSection(SolutionConfigurationPlatforms) = preSolution
		Debug|Any CPU = Debug|Any CPU
		Release|Any CPU = Release|Any CPU
	EndGlobalSection
	GlobalSection(ProjectConfigurationPlatforms) = postSolution
		{088E4A55-D839-4724-BE06-7BAB67C26363}.Debug|Any CPU.ActiveCfg = Debug|Any CPU
		{088E4A55-D839-4724-BE06-7BAB67C26363}.Debug|Any CPU.Build.0 = Debug|Any CPU
		{088E4A55-D839-4724-BE06-7BAB67C26363}.Release|Any CPU.ActiveCfg = Release|Any CPU
		{088E4A55-D839-4724-BE06-7BAB67C26363}.Release|Any CPU.Build.0 = Release|Any CPU
	EndGlobalSection
	GlobalSection(SolutionProperties) = preSolution
		HideSolutionNode = FALSE
	EndGlobalSection
	GlobalSection(ExtensibilityGlobals) = postSolution
		SolutionGuid = {FD78B601-B8F6-4263-8B63-95E983ED4CEE}
	EndGlobalSection
EndGlobal
